// !$*UTF8*$!
{
	archiveVersion = 1;
	classes = {
	};
	objectVersion = 50;
	objects = {

/* Begin PBXBuildFile section */
		1FDF5F5A67D599C1D9C54820 /* Pods_TestHost.framework in Frameworks */ = {isa = PBXBuildFile; fileRef = 29D60710D73507D1D78D3ACB /* Pods_TestHost.framework */; };
		709752D4250D270E0020EA70 /* ParseCareKitTests.swift in Sources */ = {isa = PBXBuildFile; fileRef = 709752D3250D270E0020EA70 /* ParseCareKitTests.swift */; };
		709752D6250D270E0020EA70 /* ParseCareKit.framework in Frameworks */ = {isa = PBXBuildFile; fileRef = 9119D5EB245618D7001B7AA3 /* ParseCareKit.framework */; };
		709752E3250D27300020EA70 /* AppDelegate.swift in Sources */ = {isa = PBXBuildFile; fileRef = 709752E2250D27300020EA70 /* AppDelegate.swift */; };
		709752E5250D27300020EA70 /* SceneDelegate.swift in Sources */ = {isa = PBXBuildFile; fileRef = 709752E4250D27300020EA70 /* SceneDelegate.swift */; };
		709752E7250D27300020EA70 /* ContentView.swift in Sources */ = {isa = PBXBuildFile; fileRef = 709752E6250D27300020EA70 /* ContentView.swift */; };
		709752E9250D27320020EA70 /* Assets.xcassets in Resources */ = {isa = PBXBuildFile; fileRef = 709752E8250D27320020EA70 /* Assets.xcassets */; };
		709752EC250D27320020EA70 /* Preview Assets.xcassets in Resources */ = {isa = PBXBuildFile; fileRef = 709752EB250D27320020EA70 /* Preview Assets.xcassets */; };
		709752EF250D27320020EA70 /* LaunchScreen.storyboard in Resources */ = {isa = PBXBuildFile; fileRef = 709752ED250D27320020EA70 /* LaunchScreen.storyboard */; };
		709752FA250D351B0020EA70 /* ParseCareKit.framework in Frameworks */ = {isa = PBXBuildFile; fileRef = 9119D5EB245618D7001B7AA3 /* ParseCareKit.framework */; };
		709752FB250D351B0020EA70 /* ParseCareKit.framework in Embed Frameworks */ = {isa = PBXBuildFile; fileRef = 9119D5EB245618D7001B7AA3 /* ParseCareKit.framework */; settings = {ATTRIBUTES = (CodeSignOnCopy, RemoveHeadersOnCopy, ); }; };
		9119D5F0245618D7001B7AA3 /* ParseCareKit.h in Headers */ = {isa = PBXBuildFile; fileRef = 9119D5EE245618D7001B7AA3 /* ParseCareKit.h */; settings = {ATTRIBUTES = (Public, ); }; };
		9119D60124561A28001B7AA3 /* Contact.swift in Sources */ = {isa = PBXBuildFile; fileRef = 9119D5F824561A28001B7AA3 /* Contact.swift */; };
		9119D60224561A28001B7AA3 /* ScheduleElement.swift in Sources */ = {isa = PBXBuildFile; fileRef = 9119D5F924561A28001B7AA3 /* ScheduleElement.swift */; };
		9119D60324561A28001B7AA3 /* Task.swift in Sources */ = {isa = PBXBuildFile; fileRef = 9119D5FA24561A28001B7AA3 /* Task.swift */; };
		9119D60424561A28001B7AA3 /* Patient.swift in Sources */ = {isa = PBXBuildFile; fileRef = 9119D5FB24561A28001B7AA3 /* Patient.swift */; };
		9119D60624561A28001B7AA3 /* Note.swift in Sources */ = {isa = PBXBuildFile; fileRef = 9119D5FD24561A28001B7AA3 /* Note.swift */; };
		9119D60724561A28001B7AA3 /* CarePlan.swift in Sources */ = {isa = PBXBuildFile; fileRef = 9119D5FE24561A28001B7AA3 /* CarePlan.swift */; };
		9119D60824561A28001B7AA3 /* Outcome.swift in Sources */ = {isa = PBXBuildFile; fileRef = 9119D5FF24561A28001B7AA3 /* Outcome.swift */; };
		9119D60924561A28001B7AA3 /* OutcomeValue.swift in Sources */ = {isa = PBXBuildFile; fileRef = 9119D60024561A28001B7AA3 /* OutcomeValue.swift */; };
		9119D60B24561B02001B7AA3 /* ParseCareKitConstants.swift in Sources */ = {isa = PBXBuildFile; fileRef = 9119D60A24561B02001B7AA3 /* ParseCareKitConstants.swift */; };
		9119D60D24561B22001B7AA3 /* ParseCareKitUtility.swift in Sources */ = {isa = PBXBuildFile; fileRef = 9119D60C24561B22001B7AA3 /* ParseCareKitUtility.swift */; };
		9119D61F24562933001B7AA3 /* Pods_ParseCareKit.framework in Frameworks */ = {isa = PBXBuildFile; fileRef = 71C1D5A6F236FB79121D04EA /* Pods_ParseCareKit.framework */; };
		9119D62024562933001B7AA3 /* Pods_ParseCareKit.framework in Embed Frameworks */ = {isa = PBXBuildFile; fileRef = 71C1D5A6F236FB79121D04EA /* Pods_ParseCareKit.framework */; settings = {ATTRIBUTES = (CodeSignOnCopy, RemoveHeadersOnCopy, ); }; };
		9119D69A245689DA001B7AA3 /* README.md in Resources */ = {isa = PBXBuildFile; fileRef = 9119D699245689D9001B7AA3 /* README.md */; };
		916570D72462DABC008F2997 /* ParseRemoteSynchronizationManager.swift in Sources */ = {isa = PBXBuildFile; fileRef = 916570D62462DABC008F2997 /* ParseRemoteSynchronizationManager.swift */; };
		918F07EE247D66C800C3A205 /* PCKObject.swift in Sources */ = {isa = PBXBuildFile; fileRef = 918F07ED247D66C800C3A205 /* PCKObject.swift */; };
		918F07F0247D66E100C3A205 /* PCKVersionedObject.swift in Sources */ = {isa = PBXBuildFile; fileRef = 918F07EF247D66E100C3A205 /* PCKVersionedObject.swift */; };
		918F07F6247FFF7900C3A205 /* PCKObject+CarePlan.swift in Sources */ = {isa = PBXBuildFile; fileRef = 918F07F5247FFF7900C3A205 /* PCKObject+CarePlan.swift */; };
		918F07F82480000800C3A205 /* PCKVersionedObject+CarePlan.swift in Sources */ = {isa = PBXBuildFile; fileRef = 918F07F72480000800C3A205 /* PCKVersionedObject+CarePlan.swift */; };
		918F07FA248006E000C3A205 /* PCKVersionedObject+Contact.swift in Sources */ = {isa = PBXBuildFile; fileRef = 918F07F9248006E000C3A205 /* PCKVersionedObject+Contact.swift */; };
		918F07FC248006FE00C3A205 /* PCKVersionedObject+Patient.swift in Sources */ = {isa = PBXBuildFile; fileRef = 918F07FB248006FE00C3A205 /* PCKVersionedObject+Patient.swift */; };
		918F07FE2480070D00C3A205 /* PCKVersionedObject+Task.swift in Sources */ = {isa = PBXBuildFile; fileRef = 918F07FD2480070D00C3A205 /* PCKVersionedObject+Task.swift */; };
		918F080024800B9D00C3A205 /* PCKObject+Contact.swift in Sources */ = {isa = PBXBuildFile; fileRef = 918F07FF24800B9D00C3A205 /* PCKObject+Contact.swift */; };
		918F080224800BAE00C3A205 /* PCKObject+Note.swift in Sources */ = {isa = PBXBuildFile; fileRef = 918F080124800BAE00C3A205 /* PCKObject+Note.swift */; };
		918F080424800BC600C3A205 /* PCKObject+Outcome.swift in Sources */ = {isa = PBXBuildFile; fileRef = 918F080324800BC600C3A205 /* PCKObject+Outcome.swift */; };
		918F080624800BD800C3A205 /* PCKObject+OutcomeValue.swift in Sources */ = {isa = PBXBuildFile; fileRef = 918F080524800BD800C3A205 /* PCKObject+OutcomeValue.swift */; };
		918F080824800BF000C3A205 /* PCKObject+Patient.swift in Sources */ = {isa = PBXBuildFile; fileRef = 918F080724800BF000C3A205 /* PCKObject+Patient.swift */; };
		918F080A24800BFF00C3A205 /* PCKObject+Task.swift in Sources */ = {isa = PBXBuildFile; fileRef = 918F080924800BFF00C3A205 /* PCKObject+Task.swift */; };
		91AA07232466F0CD00B39452 /* KnowledgeVector.swift in Sources */ = {isa = PBXBuildFile; fileRef = 91AA07222466F0CD00B39452 /* KnowledgeVector.swift */; };
		91D5287A24813AF70022292B /* PCKSynchronized.swift in Sources */ = {isa = PBXBuildFile; fileRef = 91D5287924813AF70022292B /* PCKSynchronized.swift */; };
		9D16F93DD397CFCF68B2E4E2 /* Pods_ParseCareKit.framework in Frameworks */ = {isa = PBXBuildFile; fileRef = 709752F6250D2B180020EA70 /* Pods_ParseCareKit.framework */; };
		B732F6BC142F259E372324D9 /* Pods_ParseCareKit.framework in Frameworks */ = {isa = PBXBuildFile; fileRef = 91AD929524A50C4100925D4D /* Pods_ParseCareKit.framework */; };
/* End PBXBuildFile section */

/* Begin PBXContainerItemProxy section */
		709752D7250D270E0020EA70 /* PBXContainerItemProxy */ = {
			isa = PBXContainerItemProxy;
			containerPortal = 9119D5E2245618D7001B7AA3 /* Project object */;
			proxyType = 1;
			remoteGlobalIDString = 9119D5EA245618D7001B7AA3;
			remoteInfo = ParseCareKit;
		};
		709752F4250D27400020EA70 /* PBXContainerItemProxy */ = {
			isa = PBXContainerItemProxy;
			containerPortal = 9119D5E2245618D7001B7AA3 /* Project object */;
			proxyType = 1;
			remoteGlobalIDString = 709752DF250D27300020EA70;
			remoteInfo = TestHost;
		};
		709752FC250D351B0020EA70 /* PBXContainerItemProxy */ = {
			isa = PBXContainerItemProxy;
			containerPortal = 9119D5E2245618D7001B7AA3 /* Project object */;
			proxyType = 1;
			remoteGlobalIDString = 9119D5EA245618D7001B7AA3;
			remoteInfo = ParseCareKit;
		};
/* End PBXContainerItemProxy section */

/* Begin PBXCopyFilesBuildPhase section */
		709752F9250D2B180020EA70 /* Embed Frameworks */ = {
			isa = PBXCopyFilesBuildPhase;
			buildActionMask = 2147483647;
			dstPath = "";
			dstSubfolderSpec = 10;
			files = (
				709752FB250D351B0020EA70 /* ParseCareKit.framework in Embed Frameworks */,
			);
			name = "Embed Frameworks";
			runOnlyForDeploymentPostprocessing = 0;
		};
		9119D62124562933001B7AA3 /* Embed Frameworks */ = {
			isa = PBXCopyFilesBuildPhase;
			buildActionMask = 2147483647;
			dstPath = "";
			dstSubfolderSpec = 10;
			files = (
				9119D62024562933001B7AA3 /* Pods_ParseCareKit.framework in Embed Frameworks */,
			);
			name = "Embed Frameworks";
			runOnlyForDeploymentPostprocessing = 0;
		};
/* End PBXCopyFilesBuildPhase section */

/* Begin PBXFileReference section */
		174810E082D565CF9B5A5584 /* Pods-ParseCareKit.debug.xcconfig */ = {isa = PBXFileReference; includeInIndex = 1; lastKnownFileType = text.xcconfig; name = "Pods-ParseCareKit.debug.xcconfig"; path = "Target Support Files/Pods-ParseCareKit/Pods-ParseCareKit.debug.xcconfig"; sourceTree = "<group>"; };
		29D60710D73507D1D78D3ACB /* Pods_TestHost.framework */ = {isa = PBXFileReference; explicitFileType = wrapper.framework; includeInIndex = 0; path = Pods_TestHost.framework; sourceTree = BUILT_PRODUCTS_DIR; };
		599D62278E104D564757BCDB /* Pods-TestHost.release.xcconfig */ = {isa = PBXFileReference; includeInIndex = 1; lastKnownFileType = text.xcconfig; name = "Pods-TestHost.release.xcconfig"; path = "Target Support Files/Pods-TestHost/Pods-TestHost.release.xcconfig"; sourceTree = "<group>"; };
		5ECED421FB3C9C29B8248DF3 /* Pods-ParseCareKit.release.xcconfig */ = {isa = PBXFileReference; includeInIndex = 1; lastKnownFileType = text.xcconfig; name = "Pods-ParseCareKit.release.xcconfig"; path = "Target Support Files/Pods-ParseCareKit/Pods-ParseCareKit.release.xcconfig"; sourceTree = "<group>"; };
		709752D1250D270E0020EA70 /* ParseCareKitTests.xctest */ = {isa = PBXFileReference; explicitFileType = wrapper.cfbundle; includeInIndex = 0; path = ParseCareKitTests.xctest; sourceTree = BUILT_PRODUCTS_DIR; };
		709752D3250D270E0020EA70 /* ParseCareKitTests.swift */ = {isa = PBXFileReference; lastKnownFileType = sourcecode.swift; path = ParseCareKitTests.swift; sourceTree = "<group>"; };
		709752D5250D270E0020EA70 /* Info.plist */ = {isa = PBXFileReference; lastKnownFileType = text.plist.xml; path = Info.plist; sourceTree = "<group>"; };
		709752E0250D27300020EA70 /* TestHost.app */ = {isa = PBXFileReference; explicitFileType = wrapper.application; includeInIndex = 0; path = TestHost.app; sourceTree = BUILT_PRODUCTS_DIR; };
		709752E2250D27300020EA70 /* AppDelegate.swift */ = {isa = PBXFileReference; lastKnownFileType = sourcecode.swift; path = AppDelegate.swift; sourceTree = "<group>"; };
		709752E4250D27300020EA70 /* SceneDelegate.swift */ = {isa = PBXFileReference; lastKnownFileType = sourcecode.swift; path = SceneDelegate.swift; sourceTree = "<group>"; };
		709752E6250D27300020EA70 /* ContentView.swift */ = {isa = PBXFileReference; lastKnownFileType = sourcecode.swift; path = ContentView.swift; sourceTree = "<group>"; };
		709752E8250D27320020EA70 /* Assets.xcassets */ = {isa = PBXFileReference; lastKnownFileType = folder.assetcatalog; path = Assets.xcassets; sourceTree = "<group>"; };
		709752EB250D27320020EA70 /* Preview Assets.xcassets */ = {isa = PBXFileReference; lastKnownFileType = folder.assetcatalog; path = "Preview Assets.xcassets"; sourceTree = "<group>"; };
		709752EE250D27320020EA70 /* Base */ = {isa = PBXFileReference; lastKnownFileType = file.storyboard; name = Base; path = Base.lproj/LaunchScreen.storyboard; sourceTree = "<group>"; };
		709752F0250D27320020EA70 /* Info.plist */ = {isa = PBXFileReference; lastKnownFileType = text.plist.xml; path = Info.plist; sourceTree = "<group>"; };
		709752F6250D2B180020EA70 /* Pods_ParseCareKit.framework */ = {isa = PBXFileReference; explicitFileType = wrapper.framework; path = Pods_ParseCareKit.framework; sourceTree = BUILT_PRODUCTS_DIR; };
		71C1D5A6F236FB79121D04EA /* Pods_ParseCareKit.framework */ = {isa = PBXFileReference; explicitFileType = wrapper.framework; includeInIndex = 0; path = Pods_ParseCareKit.framework; sourceTree = BUILT_PRODUCTS_DIR; };
		89CBF7BEDD99E7797C0E7218 /* Pods-TestHost.debug.xcconfig */ = {isa = PBXFileReference; includeInIndex = 1; lastKnownFileType = text.xcconfig; name = "Pods-TestHost.debug.xcconfig"; path = "Target Support Files/Pods-TestHost/Pods-TestHost.debug.xcconfig"; sourceTree = "<group>"; };
		9119D5EB245618D7001B7AA3 /* ParseCareKit.framework */ = {isa = PBXFileReference; explicitFileType = wrapper.framework; includeInIndex = 0; path = ParseCareKit.framework; sourceTree = BUILT_PRODUCTS_DIR; };
		9119D5EE245618D7001B7AA3 /* ParseCareKit.h */ = {isa = PBXFileReference; lastKnownFileType = sourcecode.c.h; path = ParseCareKit.h; sourceTree = "<group>"; };
		9119D5EF245618D7001B7AA3 /* Info.plist */ = {isa = PBXFileReference; lastKnownFileType = text.plist.xml; path = Info.plist; sourceTree = "<group>"; };
		9119D5F824561A28001B7AA3 /* Contact.swift */ = {isa = PBXFileReference; fileEncoding = 4; lastKnownFileType = sourcecode.swift; path = Contact.swift; sourceTree = "<group>"; };
		9119D5F924561A28001B7AA3 /* ScheduleElement.swift */ = {isa = PBXFileReference; fileEncoding = 4; lastKnownFileType = sourcecode.swift; path = ScheduleElement.swift; sourceTree = "<group>"; };
		9119D5FA24561A28001B7AA3 /* Task.swift */ = {isa = PBXFileReference; fileEncoding = 4; lastKnownFileType = sourcecode.swift; path = Task.swift; sourceTree = "<group>"; };
		9119D5FB24561A28001B7AA3 /* Patient.swift */ = {isa = PBXFileReference; fileEncoding = 4; lastKnownFileType = sourcecode.swift; path = Patient.swift; sourceTree = "<group>"; };
		9119D5FD24561A28001B7AA3 /* Note.swift */ = {isa = PBXFileReference; fileEncoding = 4; lastKnownFileType = sourcecode.swift; path = Note.swift; sourceTree = "<group>"; };
		9119D5FE24561A28001B7AA3 /* CarePlan.swift */ = {isa = PBXFileReference; fileEncoding = 4; lastKnownFileType = sourcecode.swift; path = CarePlan.swift; sourceTree = "<group>"; };
		9119D5FF24561A28001B7AA3 /* Outcome.swift */ = {isa = PBXFileReference; fileEncoding = 4; lastKnownFileType = sourcecode.swift; path = Outcome.swift; sourceTree = "<group>"; };
		9119D60024561A28001B7AA3 /* OutcomeValue.swift */ = {isa = PBXFileReference; fileEncoding = 4; lastKnownFileType = sourcecode.swift; path = OutcomeValue.swift; sourceTree = "<group>"; };
		9119D60A24561B02001B7AA3 /* ParseCareKitConstants.swift */ = {isa = PBXFileReference; lastKnownFileType = sourcecode.swift; path = ParseCareKitConstants.swift; sourceTree = "<group>"; };
		9119D60C24561B22001B7AA3 /* ParseCareKitUtility.swift */ = {isa = PBXFileReference; lastKnownFileType = sourcecode.swift; path = ParseCareKitUtility.swift; sourceTree = "<group>"; };
		9119D699245689D9001B7AA3 /* README.md */ = {isa = PBXFileReference; fileEncoding = 4; lastKnownFileType = net.daringfireball.markdown; path = README.md; sourceTree = "<group>"; };
		916570D62462DABC008F2997 /* ParseRemoteSynchronizationManager.swift */ = {isa = PBXFileReference; lastKnownFileType = sourcecode.swift; path = ParseRemoteSynchronizationManager.swift; sourceTree = "<group>"; };
		918F07ED247D66C800C3A205 /* PCKObject.swift */ = {isa = PBXFileReference; lastKnownFileType = sourcecode.swift; path = PCKObject.swift; sourceTree = "<group>"; };
		918F07EF247D66E100C3A205 /* PCKVersionedObject.swift */ = {isa = PBXFileReference; lastKnownFileType = sourcecode.swift; path = PCKVersionedObject.swift; sourceTree = "<group>"; };
		918F07F5247FFF7900C3A205 /* PCKObject+CarePlan.swift */ = {isa = PBXFileReference; lastKnownFileType = sourcecode.swift; path = "PCKObject+CarePlan.swift"; sourceTree = "<group>"; };
		918F07F72480000800C3A205 /* PCKVersionedObject+CarePlan.swift */ = {isa = PBXFileReference; lastKnownFileType = sourcecode.swift; path = "PCKVersionedObject+CarePlan.swift"; sourceTree = "<group>"; };
		918F07F9248006E000C3A205 /* PCKVersionedObject+Contact.swift */ = {isa = PBXFileReference; lastKnownFileType = sourcecode.swift; path = "PCKVersionedObject+Contact.swift"; sourceTree = "<group>"; };
		918F07FB248006FE00C3A205 /* PCKVersionedObject+Patient.swift */ = {isa = PBXFileReference; lastKnownFileType = sourcecode.swift; path = "PCKVersionedObject+Patient.swift"; sourceTree = "<group>"; };
		918F07FD2480070D00C3A205 /* PCKVersionedObject+Task.swift */ = {isa = PBXFileReference; lastKnownFileType = sourcecode.swift; path = "PCKVersionedObject+Task.swift"; sourceTree = "<group>"; };
		918F07FF24800B9D00C3A205 /* PCKObject+Contact.swift */ = {isa = PBXFileReference; lastKnownFileType = sourcecode.swift; path = "PCKObject+Contact.swift"; sourceTree = "<group>"; };
		918F080124800BAE00C3A205 /* PCKObject+Note.swift */ = {isa = PBXFileReference; lastKnownFileType = sourcecode.swift; path = "PCKObject+Note.swift"; sourceTree = "<group>"; };
		918F080324800BC600C3A205 /* PCKObject+Outcome.swift */ = {isa = PBXFileReference; lastKnownFileType = sourcecode.swift; path = "PCKObject+Outcome.swift"; sourceTree = "<group>"; };
		918F080524800BD800C3A205 /* PCKObject+OutcomeValue.swift */ = {isa = PBXFileReference; lastKnownFileType = sourcecode.swift; path = "PCKObject+OutcomeValue.swift"; sourceTree = "<group>"; };
		918F080724800BF000C3A205 /* PCKObject+Patient.swift */ = {isa = PBXFileReference; lastKnownFileType = sourcecode.swift; path = "PCKObject+Patient.swift"; sourceTree = "<group>"; };
		918F080924800BFF00C3A205 /* PCKObject+Task.swift */ = {isa = PBXFileReference; lastKnownFileType = sourcecode.swift; path = "PCKObject+Task.swift"; sourceTree = "<group>"; };
		91AA07222466F0CD00B39452 /* KnowledgeVector.swift */ = {isa = PBXFileReference; lastKnownFileType = sourcecode.swift; path = KnowledgeVector.swift; sourceTree = "<group>"; };
		91AD929524A50C4100925D4D /* Pods_ParseCareKit.framework */ = {isa = PBXFileReference; explicitFileType = wrapper.framework; path = Pods_ParseCareKit.framework; sourceTree = BUILT_PRODUCTS_DIR; };
		91D5287924813AF70022292B /* PCKSynchronized.swift */ = {isa = PBXFileReference; lastKnownFileType = sourcecode.swift; path = PCKSynchronized.swift; sourceTree = "<group>"; };
/* End PBXFileReference section */

/* Begin PBXFrameworksBuildPhase section */
		709752CE250D270E0020EA70 /* Frameworks */ = {
			isa = PBXFrameworksBuildPhase;
			buildActionMask = 2147483647;
			files = (
				709752D6250D270E0020EA70 /* ParseCareKit.framework in Frameworks */,
			);
			runOnlyForDeploymentPostprocessing = 0;
		};
		709752DD250D27300020EA70 /* Frameworks */ = {
			isa = PBXFrameworksBuildPhase;
			buildActionMask = 2147483647;
			files = (
				709752FA250D351B0020EA70 /* ParseCareKit.framework in Frameworks */,
				1FDF5F5A67D599C1D9C54820 /* Pods_TestHost.framework in Frameworks */,
			);
			runOnlyForDeploymentPostprocessing = 0;
		};
		9119D5E8245618D7001B7AA3 /* Frameworks */ = {
			isa = PBXFrameworksBuildPhase;
			buildActionMask = 2147483647;
			files = (
				9119D61F24562933001B7AA3 /* Pods_ParseCareKit.framework in Frameworks */,
				B732F6BC142F259E372324D9 /* Pods_ParseCareKit.framework in Frameworks */,
				9D16F93DD397CFCF68B2E4E2 /* Pods_ParseCareKit.framework in Frameworks */,
			);
			runOnlyForDeploymentPostprocessing = 0;
		};
/* End PBXFrameworksBuildPhase section */

/* Begin PBXGroup section */
		0530611FC1C08596D30B7FAF /* Pods */ = {
			isa = PBXGroup;
			children = (
				174810E082D565CF9B5A5584 /* Pods-ParseCareKit.debug.xcconfig */,
				5ECED421FB3C9C29B8248DF3 /* Pods-ParseCareKit.release.xcconfig */,
				89CBF7BEDD99E7797C0E7218 /* Pods-TestHost.debug.xcconfig */,
				599D62278E104D564757BCDB /* Pods-TestHost.release.xcconfig */,
			);
			path = Pods;
			sourceTree = "<group>";
		};
		709752D2250D270E0020EA70 /* ParseCareKitTests */ = {
			isa = PBXGroup;
			children = (
				709752D3250D270E0020EA70 /* ParseCareKitTests.swift */,
				709752D5250D270E0020EA70 /* Info.plist */,
			);
			path = ParseCareKitTests;
			sourceTree = "<group>";
		};
		709752E1250D27300020EA70 /* TestHost */ = {
			isa = PBXGroup;
			children = (
				709752E2250D27300020EA70 /* AppDelegate.swift */,
				709752E4250D27300020EA70 /* SceneDelegate.swift */,
				709752E6250D27300020EA70 /* ContentView.swift */,
				709752E8250D27320020EA70 /* Assets.xcassets */,
				709752ED250D27320020EA70 /* LaunchScreen.storyboard */,
				709752F0250D27320020EA70 /* Info.plist */,
				709752EA250D27320020EA70 /* Preview Content */,
			);
			path = TestHost;
			sourceTree = "<group>";
		};
		709752EA250D27320020EA70 /* Preview Content */ = {
			isa = PBXGroup;
			children = (
				709752EB250D27320020EA70 /* Preview Assets.xcassets */,
			);
			path = "Preview Content";
			sourceTree = "<group>";
		};
		9119D5E1245618D7001B7AA3 = {
			isa = PBXGroup;
			children = (
				9119D699245689D9001B7AA3 /* README.md */,
				9119D5ED245618D7001B7AA3 /* ParseCareKit */,
				91AD928E24A504A200925D4D /* ParseCareKitWatchOS */,
				709752D2250D270E0020EA70 /* ParseCareKitTests */,
				709752E1250D27300020EA70 /* TestHost */,
				9119D5EC245618D7001B7AA3 /* Products */,
				0530611FC1C08596D30B7FAF /* Pods */,
				A8989C8300B16B02AF1BC395 /* Frameworks */,
			);
			sourceTree = "<group>";
		};
		9119D5EC245618D7001B7AA3 /* Products */ = {
			isa = PBXGroup;
			children = (
				9119D5EB245618D7001B7AA3 /* ParseCareKit.framework */,
				709752D1250D270E0020EA70 /* ParseCareKitTests.xctest */,
				709752E0250D27300020EA70 /* TestHost.app */,
			);
			name = Products;
			sourceTree = "<group>";
		};
		9119D5ED245618D7001B7AA3 /* ParseCareKit */ = {
			isa = PBXGroup;
			children = (
				918F080C2480411300C3A205 /* Extensions */,
				918F080B248040AA00C3A205 /* PCKObjects */,
				91D52878248128700022292B /* Protocols */,
				9119D5EF245618D7001B7AA3 /* Info.plist */,
				91AA07222466F0CD00B39452 /* KnowledgeVector.swift */,
				9119D5EE245618D7001B7AA3 /* ParseCareKit.h */,
				9119D60A24561B02001B7AA3 /* ParseCareKitConstants.swift */,
				9119D60C24561B22001B7AA3 /* ParseCareKitUtility.swift */,
				916570D62462DABC008F2997 /* ParseRemoteSynchronizationManager.swift */,
			);
			path = ParseCareKit;
			sourceTree = "<group>";
		};
		918F080B248040AA00C3A205 /* PCKObjects */ = {
			isa = PBXGroup;
			children = (
				9119D5FE24561A28001B7AA3 /* CarePlan.swift */,
				9119D5F824561A28001B7AA3 /* Contact.swift */,
				9119D5FD24561A28001B7AA3 /* Note.swift */,
				9119D5FF24561A28001B7AA3 /* Outcome.swift */,
				9119D60024561A28001B7AA3 /* OutcomeValue.swift */,
				9119D5FB24561A28001B7AA3 /* Patient.swift */,
				918F07ED247D66C800C3A205 /* PCKObject.swift */,
				918F07EF247D66E100C3A205 /* PCKVersionedObject.swift */,
				9119D5F924561A28001B7AA3 /* ScheduleElement.swift */,
				9119D5FA24561A28001B7AA3 /* Task.swift */,
			);
			path = PCKObjects;
			sourceTree = "<group>";
		};
		918F080C2480411300C3A205 /* Extensions */ = {
			isa = PBXGroup;
			children = (
				918F07F5247FFF7900C3A205 /* PCKObject+CarePlan.swift */,
				918F07FF24800B9D00C3A205 /* PCKObject+Contact.swift */,
				918F080124800BAE00C3A205 /* PCKObject+Note.swift */,
				918F080324800BC600C3A205 /* PCKObject+Outcome.swift */,
				918F080524800BD800C3A205 /* PCKObject+OutcomeValue.swift */,
				918F080724800BF000C3A205 /* PCKObject+Patient.swift */,
				918F080924800BFF00C3A205 /* PCKObject+Task.swift */,
				918F07F72480000800C3A205 /* PCKVersionedObject+CarePlan.swift */,
				918F07F9248006E000C3A205 /* PCKVersionedObject+Contact.swift */,
				918F07FB248006FE00C3A205 /* PCKVersionedObject+Patient.swift */,
				918F07FD2480070D00C3A205 /* PCKVersionedObject+Task.swift */,
			);
			path = Extensions;
			sourceTree = "<group>";
		};
		91AD928E24A504A200925D4D /* ParseCareKitWatchOS */ = {
			isa = PBXGroup;
			children = (
			);
			path = ParseCareKitWatchOS;
			sourceTree = "<group>";
		};
		91D52878248128700022292B /* Protocols */ = {
			isa = PBXGroup;
			children = (
				91D5287924813AF70022292B /* PCKSynchronized.swift */,
			);
			path = Protocols;
			sourceTree = "<group>";
		};
		A8989C8300B16B02AF1BC395 /* Frameworks */ = {
			isa = PBXGroup;
			children = (
				709752F6250D2B180020EA70 /* Pods_ParseCareKit.framework */,
				91AD929524A50C4100925D4D /* Pods_ParseCareKit.framework */,
				71C1D5A6F236FB79121D04EA /* Pods_ParseCareKit.framework */,
				29D60710D73507D1D78D3ACB /* Pods_TestHost.framework */,
			);
			name = Frameworks;
			sourceTree = "<group>";
		};
/* End PBXGroup section */

/* Begin PBXHeadersBuildPhase section */
		9119D5E6245618D7001B7AA3 /* Headers */ = {
			isa = PBXHeadersBuildPhase;
			buildActionMask = 2147483647;
			files = (
				9119D5F0245618D7001B7AA3 /* ParseCareKit.h in Headers */,
			);
			runOnlyForDeploymentPostprocessing = 0;
		};
/* End PBXHeadersBuildPhase section */

/* Begin PBXNativeTarget section */
		709752D0250D270E0020EA70 /* ParseCareKitTests */ = {
			isa = PBXNativeTarget;
			buildConfigurationList = 709752DB250D270E0020EA70 /* Build configuration list for PBXNativeTarget "ParseCareKitTests" */;
			buildPhases = (
				709752CD250D270E0020EA70 /* Sources */,
				709752CE250D270E0020EA70 /* Frameworks */,
				709752CF250D270E0020EA70 /* Resources */,
			);
			buildRules = (
			);
			dependencies = (
				709752D8250D270E0020EA70 /* PBXTargetDependency */,
				709752F5250D27400020EA70 /* PBXTargetDependency */,
			);
			name = ParseCareKitTests;
			productName = ParseCareKitTests;
			productReference = 709752D1250D270E0020EA70 /* ParseCareKitTests.xctest */;
			productType = "com.apple.product-type.bundle.unit-test";
		};
		709752DF250D27300020EA70 /* TestHost */ = {
			isa = PBXNativeTarget;
			buildConfigurationList = 709752F1250D27320020EA70 /* Build configuration list for PBXNativeTarget "TestHost" */;
			buildPhases = (
				59E6C5E66BFDB6E05CAA52BE /* [CP] Check Pods Manifest.lock */,
				709752DC250D27300020EA70 /* Sources */,
				709752DD250D27300020EA70 /* Frameworks */,
				709752DE250D27300020EA70 /* Resources */,
				709752F9250D2B180020EA70 /* Embed Frameworks */,
				4238C2E0DA3919F6E13E10D1 /* [CP] Embed Pods Frameworks */,
			);
			buildRules = (
			);
			dependencies = (
				709752FD250D351B0020EA70 /* PBXTargetDependency */,
			);
			name = TestHost;
			productName = TestHost;
			productReference = 709752E0250D27300020EA70 /* TestHost.app */;
			productType = "com.apple.product-type.application";
		};
		9119D5EA245618D7001B7AA3 /* ParseCareKit */ = {
			isa = PBXNativeTarget;
			buildConfigurationList = 9119D5F3245618D7001B7AA3 /* Build configuration list for PBXNativeTarget "ParseCareKit" */;
			buildPhases = (
				F3D092E39F28AE5F95A81A15 /* [CP] Check Pods Manifest.lock */,
				9119D5E6245618D7001B7AA3 /* Headers */,
				9119D5E7245618D7001B7AA3 /* Sources */,
				9119D5E8245618D7001B7AA3 /* Frameworks */,
				9119D5E9245618D7001B7AA3 /* Resources */,
				9119D62124562933001B7AA3 /* Embed Frameworks */,
			);
			buildRules = (
			);
			dependencies = (
			);
			name = ParseCareKit;
			productName = ParseCareKit;
			productReference = 9119D5EB245618D7001B7AA3 /* ParseCareKit.framework */;
			productType = "com.apple.product-type.framework";
		};
/* End PBXNativeTarget section */

/* Begin PBXProject section */
		9119D5E2245618D7001B7AA3 /* Project object */ = {
			isa = PBXProject;
			attributes = {
				LastSwiftUpdateCheck = 1170;
				LastUpgradeCheck = 1140;
				ORGANIZATIONNAME = "Network Reconnaissance Lab";
				TargetAttributes = {
					709752D0250D270E0020EA70 = {
						CreatedOnToolsVersion = 11.7;
						TestTargetID = 709752DF250D27300020EA70;
					};
					709752DF250D27300020EA70 = {
						CreatedOnToolsVersion = 11.7;
					};
					9119D5EA245618D7001B7AA3 = {
						CreatedOnToolsVersion = 11.4.1;
						LastSwiftMigration = 1140;
					};
				};
			};
			buildConfigurationList = 9119D5E5245618D7001B7AA3 /* Build configuration list for PBXProject "ParseCareKit" */;
			compatibilityVersion = "Xcode 9.3";
			developmentRegion = en;
			hasScannedForEncodings = 0;
			knownRegions = (
				en,
				Base,
			);
			mainGroup = 9119D5E1245618D7001B7AA3;
			productRefGroup = 9119D5EC245618D7001B7AA3 /* Products */;
			projectDirPath = "";
			projectRoot = "";
			targets = (
				9119D5EA245618D7001B7AA3 /* ParseCareKit */,
				709752D0250D270E0020EA70 /* ParseCareKitTests */,
				709752DF250D27300020EA70 /* TestHost */,
			);
		};
/* End PBXProject section */

/* Begin PBXResourcesBuildPhase section */
		709752CF250D270E0020EA70 /* Resources */ = {
			isa = PBXResourcesBuildPhase;
			buildActionMask = 2147483647;
			files = (
			);
			runOnlyForDeploymentPostprocessing = 0;
		};
		709752DE250D27300020EA70 /* Resources */ = {
			isa = PBXResourcesBuildPhase;
			buildActionMask = 2147483647;
			files = (
				709752EF250D27320020EA70 /* LaunchScreen.storyboard in Resources */,
				709752EC250D27320020EA70 /* Preview Assets.xcassets in Resources */,
				709752E9250D27320020EA70 /* Assets.xcassets in Resources */,
			);
			runOnlyForDeploymentPostprocessing = 0;
		};
		9119D5E9245618D7001B7AA3 /* Resources */ = {
			isa = PBXResourcesBuildPhase;
			buildActionMask = 2147483647;
			files = (
				9119D69A245689DA001B7AA3 /* README.md in Resources */,
			);
			runOnlyForDeploymentPostprocessing = 0;
		};
/* End PBXResourcesBuildPhase section */

/* Begin PBXShellScriptBuildPhase section */
		4238C2E0DA3919F6E13E10D1 /* [CP] Embed Pods Frameworks */ = {
			isa = PBXShellScriptBuildPhase;
			buildActionMask = 2147483647;
			files = (
			);
			inputFileListPaths = (
				"${PODS_ROOT}/Target Support Files/Pods-TestHost/Pods-TestHost-frameworks-${CONFIGURATION}-input-files.xcfilelist",
			);
			name = "[CP] Embed Pods Frameworks";
			outputFileListPaths = (
				"${PODS_ROOT}/Target Support Files/Pods-TestHost/Pods-TestHost-frameworks-${CONFIGURATION}-output-files.xcfilelist",
			);
			runOnlyForDeploymentPostprocessing = 0;
			shellPath = /bin/sh;
			shellScript = "\"${PODS_ROOT}/Target Support Files/Pods-TestHost/Pods-TestHost-frameworks.sh\"\n";
			showEnvVarsInLog = 0;
		};
		59E6C5E66BFDB6E05CAA52BE /* [CP] Check Pods Manifest.lock */ = {
			isa = PBXShellScriptBuildPhase;
			buildActionMask = 2147483647;
			files = (
			);
			inputFileListPaths = (
			);
			inputPaths = (
				"${PODS_PODFILE_DIR_PATH}/Podfile.lock",
				"${PODS_ROOT}/Manifest.lock",
			);
			name = "[CP] Check Pods Manifest.lock";
			outputFileListPaths = (
			);
			outputPaths = (
				"$(DERIVED_FILE_DIR)/Pods-TestHost-checkManifestLockResult.txt",
			);
			runOnlyForDeploymentPostprocessing = 0;
			shellPath = /bin/sh;
			shellScript = "diff \"${PODS_PODFILE_DIR_PATH}/Podfile.lock\" \"${PODS_ROOT}/Manifest.lock\" > /dev/null\nif [ $? != 0 ] ; then\n    # print error to STDERR\n    echo \"error: The sandbox is not in sync with the Podfile.lock. Run 'pod install' or update your CocoaPods installation.\" >&2\n    exit 1\nfi\n# This output is used by Xcode 'outputs' to avoid re-running this script phase.\necho \"SUCCESS\" > \"${SCRIPT_OUTPUT_FILE_0}\"\n";
			showEnvVarsInLog = 0;
		};
		F3D092E39F28AE5F95A81A15 /* [CP] Check Pods Manifest.lock */ = {
			isa = PBXShellScriptBuildPhase;
			buildActionMask = 2147483647;
			files = (
			);
			inputFileListPaths = (
			);
			inputPaths = (
				"${PODS_PODFILE_DIR_PATH}/Podfile.lock",
				"${PODS_ROOT}/Manifest.lock",
			);
			name = "[CP] Check Pods Manifest.lock";
			outputFileListPaths = (
			);
			outputPaths = (
				"$(DERIVED_FILE_DIR)/Pods-ParseCareKit-checkManifestLockResult.txt",
			);
			runOnlyForDeploymentPostprocessing = 0;
			shellPath = /bin/sh;
			shellScript = "diff \"${PODS_PODFILE_DIR_PATH}/Podfile.lock\" \"${PODS_ROOT}/Manifest.lock\" > /dev/null\nif [ $? != 0 ] ; then\n    # print error to STDERR\n    echo \"error: The sandbox is not in sync with the Podfile.lock. Run 'pod install' or update your CocoaPods installation.\" >&2\n    exit 1\nfi\n# This output is used by Xcode 'outputs' to avoid re-running this script phase.\necho \"SUCCESS\" > \"${SCRIPT_OUTPUT_FILE_0}\"\n";
			showEnvVarsInLog = 0;
		};
/* End PBXShellScriptBuildPhase section */

/* Begin PBXSourcesBuildPhase section */
		709752CD250D270E0020EA70 /* Sources */ = {
			isa = PBXSourcesBuildPhase;
			buildActionMask = 2147483647;
			files = (
				709752D4250D270E0020EA70 /* ParseCareKitTests.swift in Sources */,
			);
			runOnlyForDeploymentPostprocessing = 0;
		};
		709752DC250D27300020EA70 /* Sources */ = {
			isa = PBXSourcesBuildPhase;
			buildActionMask = 2147483647;
			files = (
				709752E3250D27300020EA70 /* AppDelegate.swift in Sources */,
				709752E5250D27300020EA70 /* SceneDelegate.swift in Sources */,
				709752E7250D27300020EA70 /* ContentView.swift in Sources */,
			);
			runOnlyForDeploymentPostprocessing = 0;
		};
		9119D5E7245618D7001B7AA3 /* Sources */ = {
			isa = PBXSourcesBuildPhase;
			buildActionMask = 2147483647;
			files = (
				9119D60B24561B02001B7AA3 /* ParseCareKitConstants.swift in Sources */,
				9119D60D24561B22001B7AA3 /* ParseCareKitUtility.swift in Sources */,
				918F07FE2480070D00C3A205 /* PCKVersionedObject+Task.swift in Sources */,
				918F07FA248006E000C3A205 /* PCKVersionedObject+Contact.swift in Sources */,
				9119D60324561A28001B7AA3 /* Task.swift in Sources */,
				9119D60824561A28001B7AA3 /* Outcome.swift in Sources */,
				918F07F0247D66E100C3A205 /* PCKVersionedObject.swift in Sources */,
				918F07FC248006FE00C3A205 /* PCKVersionedObject+Patient.swift in Sources */,
				918F080624800BD800C3A205 /* PCKObject+OutcomeValue.swift in Sources */,
				9119D60624561A28001B7AA3 /* Note.swift in Sources */,
				918F07EE247D66C800C3A205 /* PCKObject.swift in Sources */,
				918F080024800B9D00C3A205 /* PCKObject+Contact.swift in Sources */,
				9119D60924561A28001B7AA3 /* OutcomeValue.swift in Sources */,
				918F080424800BC600C3A205 /* PCKObject+Outcome.swift in Sources */,
				9119D60124561A28001B7AA3 /* Contact.swift in Sources */,
				918F080824800BF000C3A205 /* PCKObject+Patient.swift in Sources */,
				918F07F6247FFF7900C3A205 /* PCKObject+CarePlan.swift in Sources */,
				918F07F82480000800C3A205 /* PCKVersionedObject+CarePlan.swift in Sources */,
				918F080A24800BFF00C3A205 /* PCKObject+Task.swift in Sources */,
				91AA07232466F0CD00B39452 /* KnowledgeVector.swift in Sources */,
				9119D60224561A28001B7AA3 /* ScheduleElement.swift in Sources */,
				918F080224800BAE00C3A205 /* PCKObject+Note.swift in Sources */,
				9119D60424561A28001B7AA3 /* Patient.swift in Sources */,
				91D5287A24813AF70022292B /* PCKSynchronized.swift in Sources */,
				916570D72462DABC008F2997 /* ParseRemoteSynchronizationManager.swift in Sources */,
				9119D60724561A28001B7AA3 /* CarePlan.swift in Sources */,
			);
			runOnlyForDeploymentPostprocessing = 0;
		};
/* End PBXSourcesBuildPhase section */

/* Begin PBXTargetDependency section */
		709752D8250D270E0020EA70 /* PBXTargetDependency */ = {
			isa = PBXTargetDependency;
			target = 9119D5EA245618D7001B7AA3 /* ParseCareKit */;
			targetProxy = 709752D7250D270E0020EA70 /* PBXContainerItemProxy */;
		};
		709752F5250D27400020EA70 /* PBXTargetDependency */ = {
			isa = PBXTargetDependency;
			target = 709752DF250D27300020EA70 /* TestHost */;
			targetProxy = 709752F4250D27400020EA70 /* PBXContainerItemProxy */;
		};
		709752FD250D351B0020EA70 /* PBXTargetDependency */ = {
			isa = PBXTargetDependency;
			target = 9119D5EA245618D7001B7AA3 /* ParseCareKit */;
			targetProxy = 709752FC250D351B0020EA70 /* PBXContainerItemProxy */;
		};
/* End PBXTargetDependency section */

/* Begin PBXVariantGroup section */
		709752ED250D27320020EA70 /* LaunchScreen.storyboard */ = {
			isa = PBXVariantGroup;
			children = (
				709752EE250D27320020EA70 /* Base */,
			);
			name = LaunchScreen.storyboard;
			sourceTree = "<group>";
		};
/* End PBXVariantGroup section */

/* Begin XCBuildConfiguration section */
		709752D9250D270E0020EA70 /* Debug */ = {
			isa = XCBuildConfiguration;
			buildSettings = {
				CODE_SIGN_STYLE = Manual;
				DEVELOPMENT_TEAM = "";
				INFOPLIST_FILE = ParseCareKitTests/Info.plist;
				IPHONEOS_DEPLOYMENT_TARGET = 13.7;
				LD_RUNPATH_SEARCH_PATHS = (
					"$(inherited)",
					"@executable_path/Frameworks",
					"@loader_path/Frameworks",
				);
				PRODUCT_BUNDLE_IDENTIFIER = edu.uky.cs.netrecon.ParseCareKitTests;
				PRODUCT_NAME = "$(TARGET_NAME)";
				PROVISIONING_PROFILE_SPECIFIER = "";
				"PROVISIONING_PROFILE_SPECIFIER[sdk=macosx*]" = "";
				SWIFT_VERSION = 5.0;
				TARGETED_DEVICE_FAMILY = "1,2";
				TEST_HOST = "$(BUILT_PRODUCTS_DIR)/TestHost.app/TestHost";
			};
			name = Debug;
		};
		709752DA250D270E0020EA70 /* Release */ = {
			isa = XCBuildConfiguration;
			buildSettings = {
				CODE_SIGN_STYLE = Manual;
				DEVELOPMENT_TEAM = "";
				INFOPLIST_FILE = ParseCareKitTests/Info.plist;
				IPHONEOS_DEPLOYMENT_TARGET = 13.7;
				LD_RUNPATH_SEARCH_PATHS = (
					"$(inherited)",
					"@executable_path/Frameworks",
					"@loader_path/Frameworks",
				);
				PRODUCT_BUNDLE_IDENTIFIER = edu.uky.cs.netrecon.ParseCareKitTests;
				PRODUCT_NAME = "$(TARGET_NAME)";
				PROVISIONING_PROFILE_SPECIFIER = "";
				"PROVISIONING_PROFILE_SPECIFIER[sdk=macosx*]" = "";
				SWIFT_VERSION = 5.0;
				TARGETED_DEVICE_FAMILY = "1,2";
				TEST_HOST = "$(BUILT_PRODUCTS_DIR)/TestHost.app/TestHost";
			};
			name = Release;
		};
		709752F2250D27320020EA70 /* Debug */ = {
			isa = XCBuildConfiguration;
			baseConfigurationReference = 89CBF7BEDD99E7797C0E7218 /* Pods-TestHost.debug.xcconfig */;
			buildSettings = {
				ASSETCATALOG_COMPILER_APPICON_NAME = AppIcon;
				CODE_SIGN_STYLE = Manual;
				DEVELOPMENT_ASSET_PATHS = "\"TestHost/Preview Content\"";
				DEVELOPMENT_TEAM = "";
				ENABLE_PREVIEWS = YES;
				INFOPLIST_FILE = TestHost/Info.plist;
				IPHONEOS_DEPLOYMENT_TARGET = 13.7;
				LD_RUNPATH_SEARCH_PATHS = (
					"$(inherited)",
					"@executable_path/Frameworks",
				);
				PRODUCT_BUNDLE_IDENTIFIER = edu.uky.cs.netrecon.TestHost;
				PRODUCT_NAME = "$(TARGET_NAME)";
				PROVISIONING_PROFILE_SPECIFIER = "";
				SWIFT_VERSION = 5.0;
				TARGETED_DEVICE_FAMILY = "1,2";
			};
			name = Debug;
		};
		709752F3250D27320020EA70 /* Release */ = {
			isa = XCBuildConfiguration;
			baseConfigurationReference = 599D62278E104D564757BCDB /* Pods-TestHost.release.xcconfig */;
			buildSettings = {
				ASSETCATALOG_COMPILER_APPICON_NAME = AppIcon;
				CODE_SIGN_STYLE = Manual;
				DEVELOPMENT_ASSET_PATHS = "\"TestHost/Preview Content\"";
				DEVELOPMENT_TEAM = "";
				ENABLE_PREVIEWS = YES;
				INFOPLIST_FILE = TestHost/Info.plist;
				IPHONEOS_DEPLOYMENT_TARGET = 13.7;
				LD_RUNPATH_SEARCH_PATHS = (
					"$(inherited)",
					"@executable_path/Frameworks",
				);
				PRODUCT_BUNDLE_IDENTIFIER = edu.uky.cs.netrecon.TestHost;
				PRODUCT_NAME = "$(TARGET_NAME)";
				PROVISIONING_PROFILE_SPECIFIER = "";
				SWIFT_VERSION = 5.0;
				TARGETED_DEVICE_FAMILY = "1,2";
			};
			name = Release;
		};
		9119D5F1245618D7001B7AA3 /* Debug */ = {
			isa = XCBuildConfiguration;
			buildSettings = {
				ALWAYS_SEARCH_USER_PATHS = NO;
				CLANG_ANALYZER_NONNULL = YES;
				CLANG_ANALYZER_NUMBER_OBJECT_CONVERSION = YES_AGGRESSIVE;
				CLANG_CXX_LANGUAGE_STANDARD = "gnu++14";
				CLANG_CXX_LIBRARY = "libc++";
				CLANG_ENABLE_MODULES = YES;
				CLANG_ENABLE_OBJC_ARC = YES;
				CLANG_ENABLE_OBJC_WEAK = YES;
				CLANG_WARN_BLOCK_CAPTURE_AUTORELEASING = YES;
				CLANG_WARN_BOOL_CONVERSION = YES;
				CLANG_WARN_COMMA = YES;
				CLANG_WARN_CONSTANT_CONVERSION = YES;
				CLANG_WARN_DEPRECATED_OBJC_IMPLEMENTATIONS = YES;
				CLANG_WARN_DIRECT_OBJC_ISA_USAGE = YES_ERROR;
				CLANG_WARN_DOCUMENTATION_COMMENTS = YES;
				CLANG_WARN_EMPTY_BODY = YES;
				CLANG_WARN_ENUM_CONVERSION = YES;
				CLANG_WARN_INFINITE_RECURSION = YES;
				CLANG_WARN_INT_CONVERSION = YES;
				CLANG_WARN_NON_LITERAL_NULL_CONVERSION = YES;
				CLANG_WARN_OBJC_IMPLICIT_RETAIN_SELF = YES;
				CLANG_WARN_OBJC_LITERAL_CONVERSION = YES;
				CLANG_WARN_OBJC_ROOT_CLASS = YES_ERROR;
				CLANG_WARN_RANGE_LOOP_ANALYSIS = YES;
				CLANG_WARN_STRICT_PROTOTYPES = YES;
				CLANG_WARN_SUSPICIOUS_MOVE = YES;
				CLANG_WARN_UNGUARDED_AVAILABILITY = YES_AGGRESSIVE;
				CLANG_WARN_UNREACHABLE_CODE = YES;
				CLANG_WARN__DUPLICATE_METHOD_MATCH = YES;
				COPY_PHASE_STRIP = NO;
				CURRENT_PROJECT_VERSION = 1;
				DEBUG_INFORMATION_FORMAT = dwarf;
				ENABLE_STRICT_OBJC_MSGSEND = YES;
				ENABLE_TESTABILITY = YES;
				GCC_C_LANGUAGE_STANDARD = gnu11;
				GCC_DYNAMIC_NO_PIC = NO;
				GCC_NO_COMMON_BLOCKS = YES;
				GCC_OPTIMIZATION_LEVEL = 0;
				GCC_PREPROCESSOR_DEFINITIONS = (
					"DEBUG=1",
					"$(inherited)",
				);
				GCC_WARN_64_TO_32_BIT_CONVERSION = YES;
				GCC_WARN_ABOUT_RETURN_TYPE = YES_ERROR;
				GCC_WARN_UNDECLARED_SELECTOR = YES;
				GCC_WARN_UNINITIALIZED_AUTOS = YES_AGGRESSIVE;
				GCC_WARN_UNUSED_FUNCTION = YES;
				GCC_WARN_UNUSED_VARIABLE = YES;
				IPHONEOS_DEPLOYMENT_TARGET = 13.4;
				MTL_ENABLE_DEBUG_INFO = INCLUDE_SOURCE;
				MTL_FAST_MATH = YES;
				ONLY_ACTIVE_ARCH = YES;
				SDKROOT = iphoneos;
				SWIFT_ACTIVE_COMPILATION_CONDITIONS = DEBUG;
				SWIFT_OPTIMIZATION_LEVEL = "-Onone";
				VERSIONING_SYSTEM = "apple-generic";
				VERSION_INFO_PREFIX = "";
			};
			name = Debug;
		};
		9119D5F2245618D7001B7AA3 /* Release */ = {
			isa = XCBuildConfiguration;
			buildSettings = {
				ALWAYS_SEARCH_USER_PATHS = NO;
				CLANG_ANALYZER_NONNULL = YES;
				CLANG_ANALYZER_NUMBER_OBJECT_CONVERSION = YES_AGGRESSIVE;
				CLANG_CXX_LANGUAGE_STANDARD = "gnu++14";
				CLANG_CXX_LIBRARY = "libc++";
				CLANG_ENABLE_MODULES = YES;
				CLANG_ENABLE_OBJC_ARC = YES;
				CLANG_ENABLE_OBJC_WEAK = YES;
				CLANG_WARN_BLOCK_CAPTURE_AUTORELEASING = YES;
				CLANG_WARN_BOOL_CONVERSION = YES;
				CLANG_WARN_COMMA = YES;
				CLANG_WARN_CONSTANT_CONVERSION = YES;
				CLANG_WARN_DEPRECATED_OBJC_IMPLEMENTATIONS = YES;
				CLANG_WARN_DIRECT_OBJC_ISA_USAGE = YES_ERROR;
				CLANG_WARN_DOCUMENTATION_COMMENTS = YES;
				CLANG_WARN_EMPTY_BODY = YES;
				CLANG_WARN_ENUM_CONVERSION = YES;
				CLANG_WARN_INFINITE_RECURSION = YES;
				CLANG_WARN_INT_CONVERSION = YES;
				CLANG_WARN_NON_LITERAL_NULL_CONVERSION = YES;
				CLANG_WARN_OBJC_IMPLICIT_RETAIN_SELF = YES;
				CLANG_WARN_OBJC_LITERAL_CONVERSION = YES;
				CLANG_WARN_OBJC_ROOT_CLASS = YES_ERROR;
				CLANG_WARN_RANGE_LOOP_ANALYSIS = YES;
				CLANG_WARN_STRICT_PROTOTYPES = YES;
				CLANG_WARN_SUSPICIOUS_MOVE = YES;
				CLANG_WARN_UNGUARDED_AVAILABILITY = YES_AGGRESSIVE;
				CLANG_WARN_UNREACHABLE_CODE = YES;
				CLANG_WARN__DUPLICATE_METHOD_MATCH = YES;
				COPY_PHASE_STRIP = NO;
				CURRENT_PROJECT_VERSION = 1;
				DEBUG_INFORMATION_FORMAT = "dwarf-with-dsym";
				ENABLE_NS_ASSERTIONS = NO;
				ENABLE_STRICT_OBJC_MSGSEND = YES;
				GCC_C_LANGUAGE_STANDARD = gnu11;
				GCC_NO_COMMON_BLOCKS = YES;
				GCC_WARN_64_TO_32_BIT_CONVERSION = YES;
				GCC_WARN_ABOUT_RETURN_TYPE = YES_ERROR;
				GCC_WARN_UNDECLARED_SELECTOR = YES;
				GCC_WARN_UNINITIALIZED_AUTOS = YES_AGGRESSIVE;
				GCC_WARN_UNUSED_FUNCTION = YES;
				GCC_WARN_UNUSED_VARIABLE = YES;
				IPHONEOS_DEPLOYMENT_TARGET = 13.4;
				MTL_ENABLE_DEBUG_INFO = NO;
				MTL_FAST_MATH = YES;
				SDKROOT = iphoneos;
				SWIFT_COMPILATION_MODE = wholemodule;
				SWIFT_OPTIMIZATION_LEVEL = "-O";
				VALIDATE_PRODUCT = YES;
				VERSIONING_SYSTEM = "apple-generic";
				VERSION_INFO_PREFIX = "";
			};
			name = Release;
		};
		9119D5F4245618D7001B7AA3 /* Debug */ = {
			isa = XCBuildConfiguration;
			baseConfigurationReference = 174810E082D565CF9B5A5584 /* Pods-ParseCareKit.debug.xcconfig */;
			buildSettings = {
				CLANG_ENABLE_MODULES = YES;
				CODE_SIGN_STYLE = Manual;
				DEFINES_MODULE = YES;
				DEVELOPMENT_TEAM = "";
				DYLIB_COMPATIBILITY_VERSION = 1;
				DYLIB_CURRENT_VERSION = 1;
				DYLIB_INSTALL_NAME_BASE = "@rpath";
				INFOPLIST_FILE = ParseCareKit/Info.plist;
				INSTALL_PATH = "$(LOCAL_LIBRARY_DIR)/Frameworks";
				IPHONEOS_DEPLOYMENT_TARGET = 13.0;
				LD_RUNPATH_SEARCH_PATHS = (
					"$(inherited)",
					"@executable_path/Frameworks",
					"@loader_path/Frameworks",
				);
				PRODUCT_BUNDLE_IDENTIFIER = edu.uky.cs.netreconlab.ParseCareKit;
				PRODUCT_NAME = "$(TARGET_NAME:c99extidentifier)";
				PROVISIONING_PROFILE_SPECIFIER = "";
				"PROVISIONING_PROFILE_SPECIFIER[sdk=macosx*]" = "";
				SKIP_INSTALL = YES;
				SWIFT_OPTIMIZATION_LEVEL = "-Onone";
				SWIFT_VERSION = 5.0;
				TARGETED_DEVICE_FAMILY = "1,2";
			};
			name = Debug;
		};
		9119D5F5245618D7001B7AA3 /* Release */ = {
			isa = XCBuildConfiguration;
			baseConfigurationReference = 5ECED421FB3C9C29B8248DF3 /* Pods-ParseCareKit.release.xcconfig */;
			buildSettings = {
				CLANG_ENABLE_MODULES = YES;
				CODE_SIGN_STYLE = Manual;
				DEFINES_MODULE = YES;
				DEVELOPMENT_TEAM = "";
				DYLIB_COMPATIBILITY_VERSION = 1;
				DYLIB_CURRENT_VERSION = 1;
				DYLIB_INSTALL_NAME_BASE = "@rpath";
				INFOPLIST_FILE = ParseCareKit/Info.plist;
				INSTALL_PATH = "$(LOCAL_LIBRARY_DIR)/Frameworks";
				IPHONEOS_DEPLOYMENT_TARGET = 13.0;
				LD_RUNPATH_SEARCH_PATHS = (
					"$(inherited)",
					"@executable_path/Frameworks",
					"@loader_path/Frameworks",
				);
				PRODUCT_BUNDLE_IDENTIFIER = edu.uky.cs.netreconlab.ParseCareKit;
				PRODUCT_NAME = "$(TARGET_NAME:c99extidentifier)";
				PROVISIONING_PROFILE_SPECIFIER = "";
				"PROVISIONING_PROFILE_SPECIFIER[sdk=macosx*]" = "";
				SKIP_INSTALL = YES;
				SWIFT_VERSION = 5.0;
				TARGETED_DEVICE_FAMILY = "1,2";
			};
			name = Release;
		};
/* End XCBuildConfiguration section */

/* Begin XCConfigurationList section */
		709752DB250D270E0020EA70 /* Build configuration list for PBXNativeTarget "ParseCareKitTests" */ = {
			isa = XCConfigurationList;
			buildConfigurations = (
				709752D9250D270E0020EA70 /* Debug */,
				709752DA250D270E0020EA70 /* Release */,
			);
			defaultConfigurationIsVisible = 0;
			defaultConfigurationName = Release;
		};
		709752F1250D27320020EA70 /* Build configuration list for PBXNativeTarget "TestHost" */ = {
			isa = XCConfigurationList;
			buildConfigurations = (
				709752F2250D27320020EA70 /* Debug */,
				709752F3250D27320020EA70 /* Release */,
			);
			defaultConfigurationIsVisible = 0;
			defaultConfigurationName = Release;
		};
		9119D5E5245618D7001B7AA3 /* Build configuration list for PBXProject "ParseCareKit" */ = {
			isa = XCConfigurationList;
			buildConfigurations = (
				9119D5F1245618D7001B7AA3 /* Debug */,
				9119D5F2245618D7001B7AA3 /* Release */,
			);
			defaultConfigurationIsVisible = 0;
			defaultConfigurationName = Release;
		};
		9119D5F3245618D7001B7AA3 /* Build configuration list for PBXNativeTarget "ParseCareKit" */ = {
			isa = XCConfigurationList;
			buildConfigurations = (
				9119D5F4245618D7001B7AA3 /* Debug */,
				9119D5F5245618D7001B7AA3 /* Release */,
			);
			defaultConfigurationIsVisible = 0;
			defaultConfigurationName = Release;
		};
/* End XCConfigurationList section */
	};
	rootObject = 9119D5E2245618D7001B7AA3 /* Project object */;
}
