{
  "object": {
    "pins": [
      {
        "package": "CareKit",
        "repositoryURL": "https://github.com/cbaker6/CareKit.git",
        "state": {
          "branch": null,
          "revision": "c320c45f609ee396d80fd98ebd1544d5266f3c20",
          "version": null
        }
      },
      {
        "package": "FHIRModels",
        "repositoryURL": "https://github.com/apple/FHIRModels.git",
        "state": {
          "branch": null,
          "revision": "e115442fb3c5d44ffb1dc9b4e039b77fd143ad96",
          "version": "0.4.0"
        }
      },
      {
        "package": "ParseSwift",
        "repositoryURL": "https://github.com/parse-community/Parse-Swift.git",
        "state": {
          "branch": null,
          "revision": "ca93e3accce539a484f8d0f4382e3a3e5bc9f0e5",
          "version": "4.3.1"
        }
      }
    ]
  },
  "version": 1
}
