{
  "object": {
    "pins": [
      {
        "package": "CareKit",
        "repositoryURL": "https://github.com/cbaker6/CareKit.git",
        "state": {
          "branch": null,
          "revision": "1eaedbb7249f895ca63f7bdac360e14ffca181b7",
          "version": null
        }
      },
      {
        "package": "FHIRModels",
        "repositoryURL": "https://github.com/apple/FHIRModels.git",
        "state": {
          "branch": null,
          "revision": "c91e5bb74397136f79656bebdfda76a523d3e88c",
          "version": "0.3.2"
        }
      },
      {
        "package": "ParseSwift",
        "repositoryURL": "https://github.com/parse-community/Parse-Swift",
        "state": {
          "branch": null,
          "revision": "ee67405b29804c0e69b9d1ea577163196b74622d",
          "version": "1.10.3"
        }
      }
    ]
  },
  "version": 1
}
