{
  "object": {
    "pins": [
      {
        "package": "CareKit",
        "repositoryURL": "https://github.com/cbaker6/CareKit.git",
        "state": {
          "branch": "fixOCKStoreInits",
          "revision": "803dd2f46c7042c91820437ea5b64b0837cde12b",
          "version": null
        }
      },
      {
        "package": "FHIRModels",
        "repositoryURL": "https://github.com/apple/FHIRModels.git",
        "state": {
          "branch": null,
          "revision": "c91e5bb74397136f79656bebdfda76a523d3e88c",
          "version": "0.3.2"
        }
      }
    ]
  },
  "version": 1
}
