PODS:
  - Bolts/Tasks (1.9.1)
  - CareKitStore (2.0)
  - Parse (1.18.0):
    - Parse/Core (= 1.18.0)
  - Parse/Core (1.18.0):
    - Bolts/Tasks (= 1.9.1)

DEPENDENCIES:
  - CareKitStore (from `https://github.com/cbaker6/CareKit.git`, branch `pod`)
  - Parse (~> 1.18)

SPEC REPOS:
  trunk:
    - Bolts
    - Parse

EXTERNAL SOURCES:
  CareKitStore:
    :branch: pod
    :git: https://github.com/cbaker6/CareKit.git

CHECKOUT OPTIONS:
  CareKitStore:
    :commit: a83685d2b89bd31bbd588802b3b09992e89c52cf
    :git: https://github.com/cbaker6/CareKit.git

SPEC CHECKSUMS:
  Bolts: 8c1e8aab2f603387b8b9924f57d1d64f43d3ffdc
  CareKitStore: a0aeabb8c7dd7430c23ff537e7c45c8a6c829daa
  Parse: 79bdda34fdb7eb2a707a43a951c8aae236cb3e34

PODFILE CHECKSUM: fa137c60425e7d77ce4c8dd5c1b7502da131a8f0

COCOAPODS: 1.9.1
