{
  "object": {
    "pins": [
      {
        "package": "CareKit",
        "repositoryURL": "https://github.com/carekit-apple/CareKit.git",
        "state": {
          "branch": null,
          "revision": "6ac64df2582e61adbb938c216f5bfd1356572384",
          "version": null
        }
      },
      {
        "package": "FHIRModels",
        "repositoryURL": "https://github.com/apple/FHIRModels.git",
        "state": {
          "branch": null,
          "revision": "c91e5bb74397136f79656bebdfda76a523d3e88c",
          "version": "0.3.2"
        }
      },
      {
        "package": "ParseSwift",
        "repositoryURL": "https://github.com/parse-community/Parse-Swift.git",
        "state": {
          "branch": null,
          "revision": "a7a6f40d022005a555a63982b26fa6c2ed1587ac",
          "version": "1.7.1"
        }
      }
    ]
  },
  "version": 1
}
